
Microsoft Visual Studio Solution File, Format Version 12.00
# Visual Studio Version 17
VisualStudioVersion = 17.6.33829.357
MinimumVisualStudioVersion = 10.0.40219.1
Project("{FAE04EC0-301F-11D3-BF4B-00C04F79EFBC}") = "DZ4C#", "DZ4C#\DZ4C#.csproj", "{305DEC36-CE16-45D5-B1AA-217B54A1B841}"
EndProject
Global
	GlobalSection(SolutionConfigurationPlatforms) = preSolution
		Debug|Any CPU = Debug|Any CPU
		Release|Any CPU = Release|Any CPU
	EndGlobalSection
	GlobalSection(ProjectConfigurationPlatforms) = postSolution
		{305DEC36-CE16-45D5-B1AA-217B54A1B841}.Debug|Any CPU.ActiveCfg = Debug|Any CPU
		{305DEC36-CE16-45D5-B1AA-217B54A1B841}.Debug|Any CPU.Build.0 = Debug|Any CPU
		{305DEC36-CE16-45D5-B1AA-217B54A1B841}.Release|Any CPU.ActiveCfg = Release|Any CPU
		{305DEC36-CE16-45D5-B1AA-217B54A1B841}.Release|Any CPU.Build.0 = Release|Any CPU
	EndGlobalSection
	GlobalSection(SolutionProperties) = preSolution
		HideSolutionNode = FALSE
	EndGlobalSection
	GlobalSection(ExtensibilityGlobals) = postSolution
		SolutionGuid = {4DE81D87-35FF-4AC3-8474-84763C474331}
	EndGlobalSection
EndGlobal
